
Microsoft Visual Studio Solution File, Format Version 12.00
Project("{2150E333-8FDC-42A3-9474-1A3956D46DE8}") = "src", "src", "{C7FC5EC8-5F19-4460-A03F-4A2FA4B0A0D0}"
EndProject
Project("{2150E333-8FDC-42A3-9474-1A3956D46DE8}") = "tests", "tests", "{8B2BF007-E74E-46A3-9B3B-3D0CCDB4EAED}"
EndProject
Project("{2150E333-8FDC-42A3-9474-1A3956D46DE8}") = "ApiGateways", "ApiGateways", "{3526DC08-E66B-4E62-9F77-AD895F11D77D}"
EndProject
Project("{FAE04EC0-301F-11D3-BF4B-00C04F79EFBC}") = "HttpAggregator", "HttpAggregator\HttpAggregator.csproj", "{01798312-0032-47E3-8B5E-D91C6963AC63}"
EndProject
Project("{2150E333-8FDC-42A3-9474-1A3956D46DE8}") = "Services", "Services", "{7F57757C-162E-4C98-9153-C86178A72629}"
EndProject
Project("{2150E333-8FDC-42A3-9474-1A3956D46DE8}") = "Core", "Core", "{9CF8D62B-516F-402E-BCE1-ED06B01BD7EC}"
EndProject
Project("{FAE04EC0-301F-11D3-BF4B-00C04F79EFBC}") = "Core.API", "Core.API\Core.API.csproj", "{61C6F929-F423-4564-89BC-1F3D1E8F9B9F}"
EndProject
Project("{2150E333-8FDC-42A3-9474-1A3956D46DE8}") = "Curriculum", "Curriculum", "{07CC6E9C-4F0D-4AA6-AB9D-203B56A5413C}"
EndProject
Project("{FAE04EC0-301F-11D3-BF4B-00C04F79EFBC}") = "Curriculum.API", "Curriculum.API\Curriculum.API.csproj", "{FDCEB3D0-2888-4FF9-BB23-1CDD90D10214}"
EndProject
Project("{2150E333-8FDC-42A3-9474-1A3956D46DE8}") = "Identity", "Identity", "{BACCB9F1-2872-47AA-A3AD-1357793D40A2}"
EndProject
Project("{FAE04EC0-301F-11D3-BF4B-00C04F79EFBC}") = "Identity.API", "Identity.API\Identity.API.csproj", "{EEC6CE3E-024F-45E6-84BC-FA1E28BA119B}"
EndProject
Project("{FAE04EC0-301F-11D3-BF4B-00C04F79EFBC}") = "OcelotGateway", "OcelotGateway\OcelotGateway.csproj", "{D3D0C82C-97E1-46E6-B6E3-BBA1ADFCF834}"
EndProject
Project("{FAE04EC0-301F-11D3-BF4B-00C04F79EFBC}") = "Core.Events", "Core.Events\Core.Events.csproj", "{86796FB3-870E-4FE5-B7E9-0250CEB9B727}"
EndProject
Project("{2150E333-8FDC-42A3-9474-1A3956D46DE8}") = "Aggregators", "Aggregators", "{6428D304-E285-48D9-80FC-FF9519A4401B}"
EndProject
Project("{FAE04EC0-301F-11D3-BF4B-00C04F79EFBC}") = "Core.Domain", "Core.Domain\Core.Domain.csproj", "{DDCAC4EE-E47A-4673-AC8E-A35A4706D160}"
EndProject
Project("{FAE04EC0-301F-11D3-BF4B-00C04F79EFBC}") = "Core.Persistence", "Core.Persistence\Core.Persistence.csproj", "{ABD7786C-63FF-4D08-9B88-30CBFF72EC26}"
EndProject
Project("{FAE04EC0-301F-11D3-BF4B-00C04F79EFBC}") = "Core.Infrastructure", "Core.Infrastructure\Core.Infrastructure.csproj", "{136379AE-C2FA-4718-8BE1-E810920B6446}"
EndProject
Project("{2150E333-8FDC-42A3-9474-1A3956D46DE8}") = "Modules", "Modules", "{BE623AA0-3E79-49AF-8E76-E43FBA9EE9B6}"
EndProject
Project("{FAE04EC0-301F-11D3-BF4B-00C04F79EFBC}") = "Core.Modules.EF.Abstraction", "Core.Modules.EF.Abstraction\Core.Modules.EF.Abstraction.csproj", "{E95C98B5-A4CB-4C3B-A11C-65B895CFD77F}"
EndProject
Project("{FAE04EC0-301F-11D3-BF4B-00C04F79EFBC}") = "Core.Modules.EF.Infrastructure", "Core.Modules.EF.Infrastructure\Core.Modules.EF.Infrastructure.csproj", "{DD5CFE3A-8304-41D2-AB4A-16D47372DC71}"
EndProject
Project("{FAE04EC0-301F-11D3-BF4B-00C04F79EFBC}") = "Core.Application", "Core.Application\Core.Application.csproj", "{ADC541E0-113E-470F-97FF-BA4BCDDADB58}"
EndProject
Project("{FAE04EC0-301F-11D3-BF4B-00C04F79EFBC}") = "Identity.Extensions", "Identity.Extensions\Identity.Extensions.csproj", "{CAA56075-A32E-4917-8D14-013EB0FBA2B1}"
EndProject
Project("{FAE04EC0-301F-11D3-BF4B-00C04F79EFBC}") = "HttpAggregator.Events", "HttpAggregator.Events\HttpAggregator.Events.csproj", "{F816FD59-846B-47BE-ADBA-78A3636F5C75}"
EndProject
Project("{FAE04EC0-301F-11D3-BF4B-00C04F79EFBC}") = "Curriculum.Events", "Curriculum.Events\Curriculum.Events.csproj", "{EE87FE9A-55F1-4CD7-BEF9-69E2E0CCFFAD}"
EndProject
Global
	GlobalSection(SolutionConfigurationPlatforms) = preSolution
		Debug|Any CPU = Debug|Any CPU
		Release|Any CPU = Release|Any CPU
	EndGlobalSection
	GlobalSection(NestedProjects) = preSolution
		{3526DC08-E66B-4E62-9F77-AD895F11D77D} = {C7FC5EC8-5F19-4460-A03F-4A2FA4B0A0D0}
		{7F57757C-162E-4C98-9153-C86178A72629} = {C7FC5EC8-5F19-4460-A03F-4A2FA4B0A0D0}
		{9CF8D62B-516F-402E-BCE1-ED06B01BD7EC} = {7F57757C-162E-4C98-9153-C86178A72629}
		{61C6F929-F423-4564-89BC-1F3D1E8F9B9F} = {9CF8D62B-516F-402E-BCE1-ED06B01BD7EC}
		{07CC6E9C-4F0D-4AA6-AB9D-203B56A5413C} = {7F57757C-162E-4C98-9153-C86178A72629}
		{FDCEB3D0-2888-4FF9-BB23-1CDD90D10214} = {07CC6E9C-4F0D-4AA6-AB9D-203B56A5413C}
		{BACCB9F1-2872-47AA-A3AD-1357793D40A2} = {7F57757C-162E-4C98-9153-C86178A72629}
		{EEC6CE3E-024F-45E6-84BC-FA1E28BA119B} = {BACCB9F1-2872-47AA-A3AD-1357793D40A2}
		{D3D0C82C-97E1-46E6-B6E3-BBA1ADFCF834} = {3526DC08-E66B-4E62-9F77-AD895F11D77D}
		{86796FB3-870E-4FE5-B7E9-0250CEB9B727} = {9CF8D62B-516F-402E-BCE1-ED06B01BD7EC}
		{6428D304-E285-48D9-80FC-FF9519A4401B} = {C7FC5EC8-5F19-4460-A03F-4A2FA4B0A0D0}
		{01798312-0032-47E3-8B5E-D91C6963AC63} = {6428D304-E285-48D9-80FC-FF9519A4401B}
		{DDCAC4EE-E47A-4673-AC8E-A35A4706D160} = {9CF8D62B-516F-402E-BCE1-ED06B01BD7EC}
		{ABD7786C-63FF-4D08-9B88-30CBFF72EC26} = {9CF8D62B-516F-402E-BCE1-ED06B01BD7EC}
		{136379AE-C2FA-4718-8BE1-E810920B6446} = {9CF8D62B-516F-402E-BCE1-ED06B01BD7EC}
		{BE623AA0-3E79-49AF-8E76-E43FBA9EE9B6} = {9CF8D62B-516F-402E-BCE1-ED06B01BD7EC}
		{E95C98B5-A4CB-4C3B-A11C-65B895CFD77F} = {BE623AA0-3E79-49AF-8E76-E43FBA9EE9B6}
		{DD5CFE3A-8304-41D2-AB4A-16D47372DC71} = {BE623AA0-3E79-49AF-8E76-E43FBA9EE9B6}
		{ADC541E0-113E-470F-97FF-BA4BCDDADB58} = {9CF8D62B-516F-402E-BCE1-ED06B01BD7EC}
		{CAA56075-A32E-4917-8D14-013EB0FBA2B1} = {BACCB9F1-2872-47AA-A3AD-1357793D40A2}
		{F816FD59-846B-47BE-ADBA-78A3636F5C75} = {6428D304-E285-48D9-80FC-FF9519A4401B}
		{EE87FE9A-55F1-4CD7-BEF9-69E2E0CCFFAD} = {07CC6E9C-4F0D-4AA6-AB9D-203B56A5413C}
	EndGlobalSection
	GlobalSection(ProjectConfigurationPlatforms) = postSolution
		{01798312-0032-47E3-8B5E-D91C6963AC63}.Debug|Any CPU.ActiveCfg = Debug|Any CPU
		{01798312-0032-47E3-8B5E-D91C6963AC63}.Debug|Any CPU.Build.0 = Debug|Any CPU
		{01798312-0032-47E3-8B5E-D91C6963AC63}.Release|Any CPU.ActiveCfg = Release|Any CPU
		{01798312-0032-47E3-8B5E-D91C6963AC63}.Release|Any CPU.Build.0 = Release|Any CPU
		{61C6F929-F423-4564-89BC-1F3D1E8F9B9F}.Debug|Any CPU.ActiveCfg = Debug|Any CPU
		{61C6F929-F423-4564-89BC-1F3D1E8F9B9F}.Debug|Any CPU.Build.0 = Debug|Any CPU
		{61C6F929-F423-4564-89BC-1F3D1E8F9B9F}.Release|Any CPU.ActiveCfg = Release|Any CPU
		{61C6F929-F423-4564-89BC-1F3D1E8F9B9F}.Release|Any CPU.Build.0 = Release|Any CPU
		{FDCEB3D0-2888-4FF9-BB23-1CDD90D10214}.Debug|Any CPU.ActiveCfg = Debug|Any CPU
		{FDCEB3D0-2888-4FF9-BB23-1CDD90D10214}.Debug|Any CPU.Build.0 = Debug|Any CPU
		{FDCEB3D0-2888-4FF9-BB23-1CDD90D10214}.Release|Any CPU.ActiveCfg = Release|Any CPU
		{FDCEB3D0-2888-4FF9-BB23-1CDD90D10214}.Release|Any CPU.Build.0 = Release|Any CPU
		{EEC6CE3E-024F-45E6-84BC-FA1E28BA119B}.Debug|Any CPU.ActiveCfg = Debug|Any CPU
		{EEC6CE3E-024F-45E6-84BC-FA1E28BA119B}.Debug|Any CPU.Build.0 = Debug|Any CPU
		{EEC6CE3E-024F-45E6-84BC-FA1E28BA119B}.Release|Any CPU.ActiveCfg = Release|Any CPU
		{EEC6CE3E-024F-45E6-84BC-FA1E28BA119B}.Release|Any CPU.Build.0 = Release|Any CPU
		{D3D0C82C-97E1-46E6-B6E3-BBA1ADFCF834}.Debug|Any CPU.ActiveCfg = Debug|Any CPU
		{D3D0C82C-97E1-46E6-B6E3-BBA1ADFCF834}.Debug|Any CPU.Build.0 = Debug|Any CPU
		{D3D0C82C-97E1-46E6-B6E3-BBA1ADFCF834}.Release|Any CPU.ActiveCfg = Release|Any CPU
		{D3D0C82C-97E1-46E6-B6E3-BBA1ADFCF834}.Release|Any CPU.Build.0 = Release|Any CPU
		{86796FB3-870E-4FE5-B7E9-0250CEB9B727}.Debug|Any CPU.ActiveCfg = Debug|Any CPU
		{86796FB3-870E-4FE5-B7E9-0250CEB9B727}.Debug|Any CPU.Build.0 = Debug|Any CPU
		{86796FB3-870E-4FE5-B7E9-0250CEB9B727}.Release|Any CPU.ActiveCfg = Release|Any CPU
		{86796FB3-870E-4FE5-B7E9-0250CEB9B727}.Release|Any CPU.Build.0 = Release|Any CPU
		{DDCAC4EE-E47A-4673-AC8E-A35A4706D160}.Debug|Any CPU.ActiveCfg = Debug|Any CPU
		{DDCAC4EE-E47A-4673-AC8E-A35A4706D160}.Debug|Any CPU.Build.0 = Debug|Any CPU
		{DDCAC4EE-E47A-4673-AC8E-A35A4706D160}.Release|Any CPU.ActiveCfg = Release|Any CPU
		{DDCAC4EE-E47A-4673-AC8E-A35A4706D160}.Release|Any CPU.Build.0 = Release|Any CPU
		{ABD7786C-63FF-4D08-9B88-30CBFF72EC26}.Debug|Any CPU.ActiveCfg = Debug|Any CPU
		{ABD7786C-63FF-4D08-9B88-30CBFF72EC26}.Debug|Any CPU.Build.0 = Debug|Any CPU
		{ABD7786C-63FF-4D08-9B88-30CBFF72EC26}.Release|Any CPU.ActiveCfg = Release|Any CPU
		{ABD7786C-63FF-4D08-9B88-30CBFF72EC26}.Release|Any CPU.Build.0 = Release|Any CPU
		{136379AE-C2FA-4718-8BE1-E810920B6446}.Debug|Any CPU.ActiveCfg = Debug|Any CPU
		{136379AE-C2FA-4718-8BE1-E810920B6446}.Debug|Any CPU.Build.0 = Debug|Any CPU
		{136379AE-C2FA-4718-8BE1-E810920B6446}.Release|Any CPU.ActiveCfg = Release|Any CPU
		{136379AE-C2FA-4718-8BE1-E810920B6446}.Release|Any CPU.Build.0 = Release|Any CPU
		{E95C98B5-A4CB-4C3B-A11C-65B895CFD77F}.Debug|Any CPU.ActiveCfg = Debug|Any CPU
		{E95C98B5-A4CB-4C3B-A11C-65B895CFD77F}.Debug|Any CPU.Build.0 = Debug|Any CPU
		{E95C98B5-A4CB-4C3B-A11C-65B895CFD77F}.Release|Any CPU.ActiveCfg = Release|Any CPU
		{E95C98B5-A4CB-4C3B-A11C-65B895CFD77F}.Release|Any CPU.Build.0 = Release|Any CPU
		{DD5CFE3A-8304-41D2-AB4A-16D47372DC71}.Debug|Any CPU.ActiveCfg = Debug|Any CPU
		{DD5CFE3A-8304-41D2-AB4A-16D47372DC71}.Debug|Any CPU.Build.0 = Debug|Any CPU
		{DD5CFE3A-8304-41D2-AB4A-16D47372DC71}.Release|Any CPU.ActiveCfg = Release|Any CPU
		{DD5CFE3A-8304-41D2-AB4A-16D47372DC71}.Release|Any CPU.Build.0 = Release|Any CPU
		{ADC541E0-113E-470F-97FF-BA4BCDDADB58}.Debug|Any CPU.ActiveCfg = Debug|Any CPU
		{ADC541E0-113E-470F-97FF-BA4BCDDADB58}.Debug|Any CPU.Build.0 = Debug|Any CPU
		{ADC541E0-113E-470F-97FF-BA4BCDDADB58}.Release|Any CPU.ActiveCfg = Release|Any CPU
		{ADC541E0-113E-470F-97FF-BA4BCDDADB58}.Release|Any CPU.Build.0 = Release|Any CPU
		{CAA56075-A32E-4917-8D14-013EB0FBA2B1}.Debug|Any CPU.ActiveCfg = Debug|Any CPU
		{CAA56075-A32E-4917-8D14-013EB0FBA2B1}.Debug|Any CPU.Build.0 = Debug|Any CPU
		{CAA56075-A32E-4917-8D14-013EB0FBA2B1}.Release|Any CPU.ActiveCfg = Release|Any CPU
		{CAA56075-A32E-4917-8D14-013EB0FBA2B1}.Release|Any CPU.Build.0 = Release|Any CPU
		{F816FD59-846B-47BE-ADBA-78A3636F5C75}.Debug|Any CPU.ActiveCfg = Debug|Any CPU
		{F816FD59-846B-47BE-ADBA-78A3636F5C75}.Debug|Any CPU.Build.0 = Debug|Any CPU
		{F816FD59-846B-47BE-ADBA-78A3636F5C75}.Release|Any CPU.ActiveCfg = Release|Any CPU
		{F816FD59-846B-47BE-ADBA-78A3636F5C75}.Release|Any CPU.Build.0 = Release|Any CPU
		{EE87FE9A-55F1-4CD7-BEF9-69E2E0CCFFAD}.Debug|Any CPU.ActiveCfg = Debug|Any CPU
		{EE87FE9A-55F1-4CD7-BEF9-69E2E0CCFFAD}.Debug|Any CPU.Build.0 = Debug|Any CPU
		{EE87FE9A-55F1-4CD7-BEF9-69E2E0CCFFAD}.Release|Any CPU.ActiveCfg = Release|Any CPU
		{EE87FE9A-55F1-4CD7-BEF9-69E2E0CCFFAD}.Release|Any CPU.Build.0 = Release|Any CPU
	EndGlobalSection
EndGlobal
